
Microsoft Visual Studio Solution File, Format Version 12.00
# Visual Studio Version 17
VisualStudioVersion = 17.1.32421.90
MinimumVisualStudioVersion = 10.0.40219.1
Project("{FAE04EC0-301F-11D3-BF4B-00C04F79EFBC}") = "UsingADO.NET", "QuanLySinhVien\UsingADO.NET.csproj", "{16FCFAA3-2EA7-4A0A-9BD4-847BCA84EF8B}"
EndProject
Project("{FAE04EC0-301F-11D3-BF4B-00C04F79EFBC}") = "EntityDBFirst", "EntityDBFirst\EntityDBFirst.csproj", "{D803A4BB-C622-481E-B695-626743237BFF}"
EndProject
Project("{FAE04EC0-301F-11D3-BF4B-00C04F79EFBC}") = "EntityDBCodeFirst", "EntityDBCodeFirst\EntityDBCodeFirst.csproj", "{9C469088-2D88-4D94-897D-AB245C675C64}"
EndProject
Global
	GlobalSection(SolutionConfigurationPlatforms) = preSolution
		Debug|Any CPU = Debug|Any CPU
		Release|Any CPU = Release|Any CPU
	EndGlobalSection
	GlobalSection(ProjectConfigurationPlatforms) = postSolution
		{16FCFAA3-2EA7-4A0A-9BD4-847BCA84EF8B}.Debug|Any CPU.ActiveCfg = Debug|Any CPU
		{16FCFAA3-2EA7-4A0A-9BD4-847BCA84EF8B}.Debug|Any CPU.Build.0 = Debug|Any CPU
		{16FCFAA3-2EA7-4A0A-9BD4-847BCA84EF8B}.Release|Any CPU.ActiveCfg = Release|Any CPU
		{16FCFAA3-2EA7-4A0A-9BD4-847BCA84EF8B}.Release|Any CPU.Build.0 = Release|Any CPU
		{D803A4BB-C622-481E-B695-626743237BFF}.Debug|Any CPU.ActiveCfg = Debug|Any CPU
		{D803A4BB-C622-481E-B695-626743237BFF}.Debug|Any CPU.Build.0 = Debug|Any CPU
		{D803A4BB-C622-481E-B695-626743237BFF}.Release|Any CPU.ActiveCfg = Release|Any CPU
		{D803A4BB-C622-481E-B695-626743237BFF}.Release|Any CPU.Build.0 = Release|Any CPU
		{9C469088-2D88-4D94-897D-AB245C675C64}.Debug|Any CPU.ActiveCfg = Debug|Any CPU
		{9C469088-2D88-4D94-897D-AB245C675C64}.Debug|Any CPU.Build.0 = Debug|Any CPU
		{9C469088-2D88-4D94-897D-AB245C675C64}.Release|Any CPU.ActiveCfg = Release|Any CPU
		{9C469088-2D88-4D94-897D-AB245C675C64}.Release|Any CPU.Build.0 = Release|Any CPU
	EndGlobalSection
	GlobalSection(SolutionProperties) = preSolution
		HideSolutionNode = FALSE
	EndGlobalSection
	GlobalSection(ExtensibilityGlobals) = postSolution
		SolutionGuid = {DA0F23DF-A772-4075-9F1C-C203593AE439}
	EndGlobalSection
EndGlobal
